
Microsoft Visual Studio Solution File, Format Version 12.00
# Visual Studio Version 16
VisualStudioVersion = 16.0.810.22
MinimumVisualStudioVersion = 10.0.40219.1
Project("{FAE04EC0-301F-11D3-BF4B-00C04F79EFBC}") = "NotasAluno", "NotasAluno.csproj", "{3822CA4F-D0BF-4042-951A-535158743821}"
EndProject
Global
	GlobalSection(SolutionConfigurationPlatforms) = preSolution
		Debug|Any CPU = Debug|Any CPU
		Release|Any CPU = Release|Any CPU
	EndGlobalSection
	GlobalSection(ProjectConfigurationPlatforms) = postSolution
		{3822CA4F-D0BF-4042-951A-535158743821}.Debug|Any CPU.ActiveCfg = Debug|Any CPU
		{3822CA4F-D0BF-4042-951A-535158743821}.Debug|Any CPU.Build.0 = Debug|Any CPU
		{3822CA4F-D0BF-4042-951A-535158743821}.Release|Any CPU.ActiveCfg = Release|Any CPU
		{3822CA4F-D0BF-4042-951A-535158743821}.Release|Any CPU.Build.0 = Release|Any CPU
	EndGlobalSection
	GlobalSection(SolutionProperties) = preSolution
		HideSolutionNode = FALSE
	EndGlobalSection
	GlobalSection(ExtensibilityGlobals) = postSolution
		SolutionGuid = {61231DF6-D50D-404D-8954-98C38D58B346}
	EndGlobalSection
EndGlobal
